
Microsoft Visual Studio Solution File, Format Version 12.00
# Visual Studio 14
VisualStudioVersion = 14.0.25123.0
MinimumVisualStudioVersion = 10.0.40219.1
Project("{FAE04EC0-301F-11D3-BF4B-00C04F79EFBC}") = "Mooshak2", "Mooshak2\Mooshak2.csproj", "{06175E15-FE30-459E-B4D1-AE7D93CB8BF2}"
EndProject
Project("{FAE04EC0-301F-11D3-BF4B-00C04F79EFBC}") = "Mooshak2.Tests", "Mooshak2.Tests\Mooshak2.Tests.csproj", "{F72FACC0-3AE5-47E2-B638-4DF19049CA40}"
EndProject
Global
	GlobalSection(SolutionConfigurationPlatforms) = preSolution
		Debug|Any CPU = Debug|Any CPU
		Release|Any CPU = Release|Any CPU
	EndGlobalSection
	GlobalSection(ProjectConfigurationPlatforms) = postSolution
		{06175E15-FE30-459E-B4D1-AE7D93CB8BF2}.Debug|Any CPU.ActiveCfg = Debug|Any CPU
		{06175E15-FE30-459E-B4D1-AE7D93CB8BF2}.Debug|Any CPU.Build.0 = Debug|Any CPU
		{06175E15-FE30-459E-B4D1-AE7D93CB8BF2}.Release|Any CPU.ActiveCfg = Release|Any CPU
		{06175E15-FE30-459E-B4D1-AE7D93CB8BF2}.Release|Any CPU.Build.0 = Release|Any CPU
		{F72FACC0-3AE5-47E2-B638-4DF19049CA40}.Debug|Any CPU.ActiveCfg = Debug|Any CPU
		{F72FACC0-3AE5-47E2-B638-4DF19049CA40}.Debug|Any CPU.Build.0 = Debug|Any CPU
		{F72FACC0-3AE5-47E2-B638-4DF19049CA40}.Release|Any CPU.ActiveCfg = Release|Any CPU
		{F72FACC0-3AE5-47E2-B638-4DF19049CA40}.Release|Any CPU.Build.0 = Release|Any CPU
	EndGlobalSection
	GlobalSection(SolutionProperties) = preSolution
		HideSolutionNode = FALSE
	EndGlobalSection
EndGlobal
